{
  "name": "lab-vibium-screenshots",
  "version": "1.0.0",
  "lockfileVersion": 3,
  "requires": true,
  "packages": {
    "": {
      "name": "lab-vibium-screenshots",
      "version": "1.0.0",
      "dependencies": {
        "vibium": "26.8.21"
      },
      "engines": {
        "node": ">=18"
      }
    },
    "node_modules/@vibium/darwin-arm64": {
      "version": "26.8.21",
      "resolved": "https://registry.npmjs.org/@vibium/darwin-arm64/-/darwin-arm64-26.8.21.tgz",
      "integrity": "sha512-b/e57EmU+u15bKak96FwHbdLWKxpkS5rojwduSB2KGiVx4P2Otwyw+FUVsd4g6I/iylcnamJJjwm4OsGoC9ieg==",
      "cpu": [
        "arm64"
      ],
      "license": "Apache-2.0",
      "optional": true,
      "os": [
        "darwin"
      ],
      "engines": {
        "node": ">=18"
      }
    },
    "node_modules/@vibium/darwin-x64": {
      "version": "26.8.21",
      "resolved": "https://registry.npmjs.org/@vibium/darwin-x64/-/darwin-x64-26.8.21.tgz",
      "integrity": "sha512-nNBHsqlJFfo3PRbUFpOnnIj0vLho2yOBozkohN6i4ABK2dKLtc2HGfldS/4yerF9JP0jDRQiHiAx3gSUlDZT+A==",
      "cpu": [
        "x64"
      ],
      "license": "Apache-2.0",
      "optional": true,
      "os": [
        "darwin"
      ],
      "engines": {
        "node": ">=18"
      }
    },
    "node_modules/@vibium/linux-arm64": {
      "version": "26.8.21",
      "resolved": "https://registry.npmjs.org/@vibium/linux-arm64/-/linux-arm64-26.8.21.tgz",
      "integrity": "sha512-2L21o8TBSWcain6/3MUiX71RmAtkGmP70VgQJIhV4eyzHZBceDZV8tkK9CivCPlLbrkGTph1/2W/vOzhpb1cDA==",
      "cpu": [
        "arm64"
      ],
      "license": "Apache-2.0",
      "optional": true,
      "os": [
        "linux"
      ],
      "engines": {
        "node": ">=18"
      }
    },
    "node_modules/@vibium/linux-x64": {
      "version": "26.8.21",
      "resolved": "https://registry.npmjs.org/@vibium/linux-x64/-/linux-x64-26.8.21.tgz",
      "integrity": "sha512-pvexmPPzskXipDbMq5GymOJZ4Xgfx7y/tKTA9Wb0HzCS9b9GdguzqcWcY1j0bzETMXIVxsiKolISGruR1ISWhA==",
      "cpu": [
        "x64"
      ],
      "license": "Apache-2.0",
      "optional": true,
      "os": [
        "linux"
      ],
      "engines": {
        "node": ">=18"
      }
    },
    "node_modules/@vibium/win32-x64": {
      "version": "26.8.21",
      "resolved": "https://registry.npmjs.org/@vibium/win32-x64/-/win32-x64-26.8.21.tgz",
      "integrity": "sha512-HamfV+WC8CJN6/sqL9WlMSIQ+ctfjOsVpNRtoORneyYmLmw9Vn0y1VwEj7DeEgacNnG7zddf/HnGA1ja6LjzzA==",
      "cpu": [
        "x64"
      ],
      "license": "Apache-2.0",
      "optional": true,
      "os": [
        "win32"
      ],
      "engines": {
        "node": ">=18"
      }
    },
    "node_modules/vibium": {
      "version": "26.8.21",
      "resolved": "https://registry.npmjs.org/vibium/-/vibium-26.8.21.tgz",
      "integrity": "sha512-juCBbrm52Y9u4gEascBCQx9fSRQMJr8Pc8+4UmChgR1jkYgIWA8L9mwG/j4WTAOkKC3PdV+Xqy1QYZrEEztcvg==",
      "hasInstallScript": true,
      "license": "Apache-2.0",
      "dependencies": {
        "ws": "^8.18.3"
      },
      "bin": {
        "vibium": "bin/cli.js"
      },
      "engines": {
        "node": ">=18"
      },
      "optionalDependencies": {
        "@vibium/darwin-arm64": "26.8.21",
        "@vibium/darwin-x64": "26.8.21",
        "@vibium/linux-arm64": "26.8.21",
        "@vibium/linux-x64": "26.8.21",
        "@vibium/win32-x64": "26.8.21"
      }
    },
    "node_modules/ws": {
      "version": "8.22.0",
      "resolved": "https://registry.npmjs.org/ws/-/ws-8.22.0.tgz",
      "integrity": "sha512-Ydggc987+RO0AnWtZ/7Wq9FtNvcrL1b/RO0ud9mWjUPgDrsAAwQSF51sm2hm1XofbU/4jkpGEsLFsZZxU+1DOg==",
      "license": "MIT",
      "engines": {
        "node": ">=10.0.0"
      },
      "peerDependencies": {
        "bufferutil": "^4.0.1",
        "utf-8-validate": ">=5.0.2"
      },
      "peerDependenciesMeta": {
        "bufferutil": {
          "optional": true
        },
        "utf-8-validate": {
          "optional": true
        }
      }
    }
  }
}
